
Microsoft Visual Studio Solution File, Format Version 12.00
# Visual Studio Version 16
VisualStudioVersion = 16.0.30503.244
MinimumVisualStudioVersion = 10.0.40219.1
Project("{FAE04EC0-301F-11D3-BF4B-00C04F79EFBC}") = "ProductApp.Web", "ProductApp.Web\ProductApp.Web.csproj", "{99B85AF3-7A86-4896-9699-DEAB884D3E32}"
EndProject
Project("{FAE04EC0-301F-11D3-BF4B-00C04F79EFBC}") = "ProductData.Db", "ProductData.Db\ProductData.Db.csproj", "{E0572B62-BF62-460C-B862-26C37C64CCE9}"
EndProject
Project("{FAE04EC0-301F-11D3-BF4B-00C04F79EFBC}") = "ProductModels.Lib", "ProductModels.Lib\ProductModels.Lib.csproj", "{9563D7C1-53A3-47FD-87C9-F58642642070}"
EndProject
Global
	GlobalSection(SolutionConfigurationPlatforms) = preSolution
		Debug|Any CPU = Debug|Any CPU
		Release|Any CPU = Release|Any CPU
	EndGlobalSection
	GlobalSection(ProjectConfigurationPlatforms) = postSolution
		{99B85AF3-7A86-4896-9699-DEAB884D3E32}.Debug|Any CPU.ActiveCfg = Debug|Any CPU
		{99B85AF3-7A86-4896-9699-DEAB884D3E32}.Debug|Any CPU.Build.0 = Debug|Any CPU
		{99B85AF3-7A86-4896-9699-DEAB884D3E32}.Release|Any CPU.ActiveCfg = Release|Any CPU
		{99B85AF3-7A86-4896-9699-DEAB884D3E32}.Release|Any CPU.Build.0 = Release|Any CPU
		{E0572B62-BF62-460C-B862-26C37C64CCE9}.Debug|Any CPU.ActiveCfg = Debug|Any CPU
		{E0572B62-BF62-460C-B862-26C37C64CCE9}.Debug|Any CPU.Build.0 = Debug|Any CPU
		{E0572B62-BF62-460C-B862-26C37C64CCE9}.Release|Any CPU.ActiveCfg = Release|Any CPU
		{E0572B62-BF62-460C-B862-26C37C64CCE9}.Release|Any CPU.Build.0 = Release|Any CPU
		{9563D7C1-53A3-47FD-87C9-F58642642070}.Debug|Any CPU.ActiveCfg = Debug|Any CPU
		{9563D7C1-53A3-47FD-87C9-F58642642070}.Debug|Any CPU.Build.0 = Debug|Any CPU
		{9563D7C1-53A3-47FD-87C9-F58642642070}.Release|Any CPU.ActiveCfg = Release|Any CPU
		{9563D7C1-53A3-47FD-87C9-F58642642070}.Release|Any CPU.Build.0 = Release|Any CPU
	EndGlobalSection
	GlobalSection(SolutionProperties) = preSolution
		HideSolutionNode = FALSE
	EndGlobalSection
	GlobalSection(ExtensibilityGlobals) = postSolution
		SolutionGuid = {37D9354E-782B-4925-B21E-AB252DCAE0DE}
	EndGlobalSection
EndGlobal
